
Microsoft Visual Studio Solution File, Format Version 12.00
# Visual Studio Version 17
VisualStudioVersion = 17.3.32929.385
MinimumVisualStudioVersion = 10.0.40219.1
Project("{FAE04EC0-301F-11D3-BF4B-00C04F79EFBC}") = "SimpleOrderWebApi", "SimpleOrderWebApi\SimpleOrderWebApi.csproj", "{95E2203A-9A68-4C55-96CC-DE83FB523F2F}"
EndProject
Project("{FAE04EC0-301F-11D3-BF4B-00C04F79EFBC}") = "DataAccessLayer", "DataAccessLayer\DataAccessLayer.csproj", "{1DFABFD4-9484-4466-92FD-F1B855759759}"
EndProject
Global
	GlobalSection(SolutionConfigurationPlatforms) = preSolution
		Debug|Any CPU = Debug|Any CPU
		Release|Any CPU = Release|Any CPU
	EndGlobalSection
	GlobalSection(ProjectConfigurationPlatforms) = postSolution
		{95E2203A-9A68-4C55-96CC-DE83FB523F2F}.Debug|Any CPU.ActiveCfg = Debug|Any CPU
		{95E2203A-9A68-4C55-96CC-DE83FB523F2F}.Debug|Any CPU.Build.0 = Debug|Any CPU
		{95E2203A-9A68-4C55-96CC-DE83FB523F2F}.Release|Any CPU.ActiveCfg = Release|Any CPU
		{95E2203A-9A68-4C55-96CC-DE83FB523F2F}.Release|Any CPU.Build.0 = Release|Any CPU
		{1DFABFD4-9484-4466-92FD-F1B855759759}.Debug|Any CPU.ActiveCfg = Debug|Any CPU
		{1DFABFD4-9484-4466-92FD-F1B855759759}.Debug|Any CPU.Build.0 = Debug|Any CPU
		{1DFABFD4-9484-4466-92FD-F1B855759759}.Release|Any CPU.ActiveCfg = Release|Any CPU
		{1DFABFD4-9484-4466-92FD-F1B855759759}.Release|Any CPU.Build.0 = Release|Any CPU
	EndGlobalSection
	GlobalSection(SolutionProperties) = preSolution
		HideSolutionNode = FALSE
	EndGlobalSection
	GlobalSection(ExtensibilityGlobals) = postSolution
		SolutionGuid = {6606A2E1-C62F-4811-816C-E1F4603796A8}
	EndGlobalSection
EndGlobal
